
Microsoft Visual Studio Solution File, Format Version 12.00
# Visual Studio Version 17
VisualStudioVersion = 17.5.33530.505
MinimumVisualStudioVersion = 10.0.40219.1
Project("{8BC9CEB8-8B4A-11D0-8D11-00A0C91BC942}") = "asmtest", "asmtest.vcxproj", "{3FE9BD4F-5B68-4E0F-86D5-357A622AF255}"
EndProject
Global
	GlobalSection(SolutionConfigurationPlatforms) = preSolution
		Debug|x64 = Debug|x64
		Debug|x86 = Debug|x86
		Release|x64 = Release|x64
		Release|x86 = Release|x86
	EndGlobalSection
	GlobalSection(ProjectConfigurationPlatforms) = postSolution
		{3FE9BD4F-5B68-4E0F-86D5-357A622AF255}.Debug|x64.ActiveCfg = Debug|x64
		{3FE9BD4F-5B68-4E0F-86D5-357A622AF255}.Debug|x64.Build.0 = Debug|x64
		{3FE9BD4F-5B68-4E0F-86D5-357A622AF255}.Debug|x86.ActiveCfg = Debug|Win32
		{3FE9BD4F-5B68-4E0F-86D5-357A622AF255}.Debug|x86.Build.0 = Debug|Win32
		{3FE9BD4F-5B68-4E0F-86D5-357A622AF255}.Release|x64.ActiveCfg = Release|x64
		{3FE9BD4F-5B68-4E0F-86D5-357A622AF255}.Release|x64.Build.0 = Release|x64
		{3FE9BD4F-5B68-4E0F-86D5-357A622AF255}.Release|x86.ActiveCfg = Release|Win32
		{3FE9BD4F-5B68-4E0F-86D5-357A622AF255}.Release|x86.Build.0 = Release|Win32
	EndGlobalSection
	GlobalSection(SolutionProperties) = preSolution
		HideSolutionNode = FALSE
	EndGlobalSection
	GlobalSection(ExtensibilityGlobals) = postSolution
		SolutionGuid = {053A5407-D304-47B5-B0BA-E93AFB50C804}
	EndGlobalSection
EndGlobal
